// !$*UTF8*$!
{
	archiveVersion = 1;
	classes = {
	};
	objectVersion = 48;
	objects = {

/* Begin PBXBuildFile section */
		199CBF8520E1183D00A7750C /* AppDelegate.swift in Sources */ = {isa = PBXBuildFile; fileRef = 199CBF8420E1183D00A7750C /* AppDelegate.swift */; };
		199CBF8720E1183D00A7750C /* ToDoListController.swift in Sources */ = {isa = PBXBuildFile; fileRef = 199CBF8620E1183D00A7750C /* ToDoListController.swift */; };
		199CBF8A20E1183D00A7750C /* Main.storyboard in Resources */ = {isa = PBXBuildFile; fileRef = 199CBF8820E1183D00A7750C /* Main.storyboard */; };
		199CBF8C20E1183D00A7750C /* Assets.xcassets in Resources */ = {isa = PBXBuildFile; fileRef = 199CBF8B20E1183D00A7750C /* Assets.xcassets */; };
		199CBF8F20E1183D00A7750C /* LaunchScreen.storyboard in Resources */ = {isa = PBXBuildFile; fileRef = 199CBF8D20E1183D00A7750C /* LaunchScreen.storyboard */; };
/* End PBXBuildFile section */

/* Begin PBXFileReference section */
		199CBF8120E1183D00A7750C /* Todeey.app */ = {isa = PBXFileReference; explicitFileType = wrapper.application; includeInIndex = 0; path = Todeey.app; sourceTree = BUILT_PRODUCTS_DIR; };
		199CBF8420E1183D00A7750C /* AppDelegate.swift */ = {isa = PBXFileReference; lastKnownFileType = sourcecode.swift; path = AppDelegate.swift; sourceTree = "<group>"; };
		199CBF8620E1183D00A7750C /* ToDoListController.swift */ = {isa = PBXFileReference; lastKnownFileType = sourcecode.swift; path = ToDoListController.swift; sourceTree = "<group>"; };
		199CBF8920E1183D00A7750C /* Base */ = {isa = PBXFileReference; lastKnownFileType = file.storyboard; name = Base; path = Base.lproj/Main.storyboard; sourceTree = "<group>"; };
		199CBF8B20E1183D00A7750C /* Assets.xcassets */ = {isa = PBXFileReference; lastKnownFileType = folder.assetcatalog; path = Assets.xcassets; sourceTree = "<group>"; };
		199CBF8E20E1183D00A7750C /* Base */ = {isa = PBXFileReference; lastKnownFileType = file.storyboard; name = Base; path = Base.lproj/LaunchScreen.storyboard; sourceTree = "<group>"; };
		199CBF9020E1183D00A7750C /* Info.plist */ = {isa = PBXFileReference; lastKnownFileType = text.plist.xml; path = Info.plist; sourceTree = "<group>"; };
/* End PBXFileReference section */

/* Begin PBXFrameworksBuildPhase section */
		199CBF7E20E1183D00A7750C /* Frameworks */ = {
			isa = PBXFrameworksBuildPhase;
			buildActionMask = 2147483647;
			files = (
			);
			runOnlyForDeploymentPostprocessing = 0;
		};
/* End PBXFrameworksBuildPhase section */

/* Begin PBXGroup section */
		199CBF7820E1183D00A7750C = {
			isa = PBXGroup;
			children = (
				199CBF8320E1183D00A7750C /* Todeey */,
				199CBF8220E1183D00A7750C /* Products */,
			);
			sourceTree = "<group>";
		};
		199CBF8220E1183D00A7750C /* Products */ = {
			isa = PBXGroup;
			children = (
				199CBF8120E1183D00A7750C /* Todeey.app */,
			);
			name = Products;
			sourceTree = "<group>";
		};
		199CBF8320E1183D00A7750C /* Todeey */ = {
			isa = PBXGroup;
			children = (
				199CBF8420E1183D00A7750C /* AppDelegate.swift */,
				199CBF8620E1183D00A7750C /* ToDoListController.swift */,
				199CBF8820E1183D00A7750C /* Main.storyboard */,
				199CBF8B20E1183D00A7750C /* Assets.xcassets */,
				199CBF8D20E1183D00A7750C /* LaunchScreen.storyboard */,
				199CBF9020E1183D00A7750C /* Info.plist */,
			);
			path = Todeey;
			sourceTree = "<group>";
		};
/* End PBXGroup section */

/* Begin PBXNativeTarget section */
		199CBF8020E1183D00A7750C /* Todeey */ = {
			isa = PBXNativeTarget;
			buildConfigurationList = 199CBF9320E1183D00A7750C /* Build configuration list for PBXNativeTarget "Todeey" */;
			buildPhases = (
				199CBF7D20E1183D00A7750C /* Sources */,
				199CBF7E20E1183D00A7750C /* Frameworks */,
				199CBF7F20E1183D00A7750C /* Resources */,
			);
			buildRules = (
			);
			dependencies = (
			);
			name = Todeey;
			productName = Todeey;
			productReference = 199CBF8120E1183D00A7750C /* Todeey.app */;
			productType = "com.apple.product-type.application";
		};
/* End PBXNativeTarget section */

/* Begin PBXProject section */
		199CBF7920E1183D00A7750C /* Project object */ = {
			isa = PBXProject;
			attributes = {
				LastSwiftUpdateCheck = 0920;
				LastUpgradeCheck = 0920;
				ORGANIZATIONNAME = hive;
				TargetAttributes = {
					199CBF8020E1183D00A7750C = {
						CreatedOnToolsVersion = 9.2;
						ProvisioningStyle = Automatic;
					};
				};
			};
			buildConfigurationList = 199CBF7C20E1183D00A7750C /* Build configuration list for PBXProject "Todeey" */;
			compatibilityVersion = "Xcode 8.0";
			developmentRegion = en;
			hasScannedForEncodings = 0;
			knownRegions = (
				en,
				Base,
			);
			mainGroup = 199CBF7820E1183D00A7750C;
			productRefGroup = 199CBF8220E1183D00A7750C /* Products */;
			projectDirPath = "";
			projectRoot = "";
			targets = (
				199CBF8020E1183D00A7750C /* Todeey */,
			);
		};
/* End PBXProject section */

/* Begin PBXResourcesBuildPhase section */
		199CBF7F20E1183D00A7750C /* Resources */ = {
			isa = PBXResourcesBuildPhase;
			buildActionMask = 2147483647;
			files = (
				199CBF8F20E1183D00A7750C /* LaunchScreen.storyboard in Resources */,
				199CBF8C20E1183D00A7750C /* Assets.xcassets in Resources */,
				199CBF8A20E1183D00A7750C /* Main.storyboard in Resources */,
			);
			runOnlyForDeploymentPostprocessing = 0;
		};
/* End PBXResourcesBuildPhase section */

/* Begin PBXSourcesBuildPhase section */
		199CBF7D20E1183D00A7750C /* Sources */ = {
			isa = PBXSourcesBuildPhase;
			buildActionMask = 2147483647;
			files = (
				199CBF8720E1183D00A7750C /* ToDoListController.swift in Sources */,
				199CBF8520E1183D00A7750C /* AppDelegate.swift in Sources */,
			);
			runOnlyForDeploymentPostprocessing = 0;
		};
/* End PBXSourcesBuildPhase section */

/* Begin PBXVariantGroup section */
		199CBF8820E1183D00A7750C /* Main.storyboard */ = {
			isa = PBXVariantGroup;
			children = (
				199CBF8920E1183D00A7750C /* Base */,
			);
			name = Main.storyboard;
			sourceTree = "<group>";
		};
		199CBF8D20E1183D00A7750C /* LaunchScreen.storyboard */ = {
			isa = PBXVariantGroup;
			children = (
				199CBF8E20E1183D00A7750C /* Base */,
			);
			name = LaunchScreen.storyboard;
			sourceTree = "<group>";
		};
/* End PBXVariantGroup section */

/* Begin XCBuildConfiguration section */
		199CBF9120E1183D00A7750C /* Debug */ = {
			isa = XCBuildConfiguration;
			buildSettings = {
				ALWAYS_SEARCH_USER_PATHS = NO;
				CLANG_ANALYZER_NONNULL = YES;
				CLANG_ANALYZER_NUMBER_OBJECT_CONVERSION = YES_AGGRESSIVE;
				CLANG_CXX_LANGUAGE_STANDARD = "gnu++14";
				CLANG_CXX_LIBRARY = "libc++";
				CLANG_ENABLE_MODULES = YES;
				CLANG_ENABLE_OBJC_ARC = YES;
				CLANG_WARN_BLOCK_CAPTURE_AUTORELEASING = YES;
				CLANG_WARN_BOOL_CONVERSION = YES;
				CLANG_WARN_COMMA = YES;
				CLANG_WARN_CONSTANT_CONVERSION = YES;
				CLANG_WARN_DIRECT_OBJC_ISA_USAGE = YES_ERROR;
				CLANG_WARN_DOCUMENTATION_COMMENTS = YES;
				CLANG_WARN_EMPTY_BODY = YES;
				CLANG_WARN_ENUM_CONVERSION = YES;
				CLANG_WARN_INFINITE_RECURSION = YES;
				CLANG_WARN_INT_CONVERSION = YES;
				CLANG_WARN_NON_LITERAL_NULL_CONVERSION = YES;
				CLANG_WARN_OBJC_LITERAL_CONVERSION = YES;
				CLANG_WARN_OBJC_ROOT_CLASS = YES_ERROR;
				CLANG_WARN_RANGE_LOOP_ANALYSIS = YES;
				CLANG_WARN_STRICT_PROTOTYPES = YES;
				CLANG_WARN_SUSPICIOUS_MOVE = YES;
				CLANG_WARN_UNGUARDED_AVAILABILITY = YES_AGGRESSIVE;
				CLANG_WARN_UNREACHABLE_CODE = YES;
				CLANG_WARN__DUPLICATE_METHOD_MATCH = YES;
				CODE_SIGN_IDENTITY = "iPhone Developer";
				COPY_PHASE_STRIP = NO;
				DEBUG_INFORMATION_FORMAT = dwarf;
				ENABLE_STRICT_OBJC_MSGSEND = YES;
				ENABLE_TESTABILITY = YES;
				GCC_C_LANGUAGE_STANDARD = gnu11;
				GCC_DYNAMIC_NO_PIC = NO;
				GCC_NO_COMMON_BLOCKS = YES;
				GCC_OPTIMIZATION_LEVEL = 0;
				GCC_PREPROCESSOR_DEFINITIONS = (
					"DEBUG=1",
					"$(inherited)",
				);
				GCC_WARN_64_TO_32_BIT_CONVERSION = YES;
				GCC_WARN_ABOUT_RETURN_TYPE = YES_ERROR;
				GCC_WARN_UNDECLARED_SELECTOR = YES;
				GCC_WARN_UNINITIALIZED_AUTOS = YES_AGGRESSIVE;
				GCC_WARN_UNUSED_FUNCTION = YES;
				GCC_WARN_UNUSED_VARIABLE = YES;
				IPHONEOS_DEPLOYMENT_TARGET = 11.2;
				MTL_ENABLE_DEBUG_INFO = YES;
				ONLY_ACTIVE_ARCH = YES;
				SDKROOT = iphoneos;
				SWIFT_ACTIVE_COMPILATION_CONDITIONS = DEBUG;
				SWIFT_OPTIMIZATION_LEVEL = "-Onone";
			};
			name = Debug;
		};
		199CBF9220E1183D00A7750C /* Release */ = {
			isa = XCBuildConfiguration;
			buildSettings = {
				ALWAYS_SEARCH_USER_PATHS = NO;
				CLANG_ANALYZER_NONNULL = YES;
				CLANG_ANALYZER_NUMBER_OBJECT_CONVERSION = YES_AGGRESSIVE;
				CLANG_CXX_LANGUAGE_STANDARD = "gnu++14";
				CLANG_CXX_LIBRARY = "libc++";
				CLANG_ENABLE_MODULES = YES;
				CLANG_ENABLE_OBJC_ARC = YES;
				CLANG_WARN_BLOCK_CAPTURE_AUTORELEASING = YES;
				CLANG_WARN_BOOL_CONVERSION = YES;
				CLANG_WARN_COMMA = YES;
				CLANG_WARN_CONSTANT_CONVERSION = YES;
				CLANG_WARN_DIRECT_OBJC_ISA_USAGE = YES_ERROR;
				CLANG_WARN_DOCUMENTATION_COMMENTS = YES;
				CLANG_WARN_EMPTY_BODY = YES;
				CLANG_WARN_ENUM_CONVERSION = YES;
				CLANG_WARN_INFINITE_RECURSION = YES;
				CLANG_WARN_INT_CONVERSION = YES;
				CLANG_WARN_NON_LITERAL_NULL_CONVERSION = YES;
				CLANG_WARN_OBJC_LITERAL_CONVERSION = YES;
				CLANG_WARN_OBJC_ROOT_CLASS = YES_ERROR;
				CLANG_WARN_RANGE_LOOP_ANALYSIS = YES;
				CLANG_WARN_STRICT_PROTOTYPES = YES;
				CLANG_WARN_SUSPICIOUS_MOVE = YES;
				CLANG_WARN_UNGUARDED_AVAILABILITY = YES_AGGRESSIVE;
				CLANG_WARN_UNREACHABLE_CODE = YES;
				CLANG_WARN__DUPLICATE_METHOD_MATCH = YES;
				CODE_SIGN_IDENTITY = "iPhone Developer";
				COPY_PHASE_STRIP = NO;
				DEBUG_INFORMATION_FORMAT = "dwarf-with-dsym";
				ENABLE_NS_ASSERTIONS = NO;
				ENABLE_STRICT_OBJC_MSGSEND = YES;
				GCC_C_LANGUAGE_STANDARD = gnu11;
				GCC_NO_COMMON_BLOCKS = YES;
				GCC_WARN_64_TO_32_BIT_CONVERSION = YES;
				GCC_WARN_ABOUT_RETURN_TYPE = YES_ERROR;
				GCC_WARN_UNDECLARED_SELECTOR = YES;
				GCC_WARN_UNINITIALIZED_AUTOS = YES_AGGRESSIVE;
				GCC_WARN_UNUSED_FUNCTION = YES;
				GCC_WARN_UNUSED_VARIABLE = YES;
				IPHONEOS_DEPLOYMENT_TARGET = 11.2;
				MTL_ENABLE_DEBUG_INFO = NO;
				SDKROOT = iphoneos;
				SWIFT_OPTIMIZATION_LEVEL = "-Owholemodule";
				VALIDATE_PRODUCT = YES;
			};
			name = Release;
		};
		199CBF9420E1183D00A7750C /* Debug */ = {
			isa = XCBuildConfiguration;
			buildSettings = {
				ASSETCATALOG_COMPILER_APPICON_NAME = AppIcon;
				CODE_SIGN_STYLE = Automatic;
				DEVELOPMENT_TEAM = 5GXFELD6MM;
				INFOPLIST_FILE = Todeey/Info.plist;
				LD_RUNPATH_SEARCH_PATHS = "$(inherited) @executable_path/Frameworks";
				PRODUCT_BUNDLE_IDENTIFIER = uk.co.surya.kona.Todeey;
				PRODUCT_NAME = "$(TARGET_NAME)";
				SWIFT_VERSION = 4.0;
				TARGETED_DEVICE_FAMILY = "1,2";
			};
			name = Debug;
		};
		199CBF9520E1183D00A7750C /* Release */ = {
			isa = XCBuildConfiguration;
			buildSettings = {
				ASSETCATALOG_COMPILER_APPICON_NAME = AppIcon;
				CODE_SIGN_STYLE = Automatic;
				DEVELOPMENT_TEAM = 5GXFELD6MM;
				INFOPLIST_FILE = Todeey/Info.plist;
				LD_RUNPATH_SEARCH_PATHS = "$(inherited) @executable_path/Frameworks";
				PRODUCT_BUNDLE_IDENTIFIER = uk.co.surya.kona.Todeey;
				PRODUCT_NAME = "$(TARGET_NAME)";
				SWIFT_VERSION = 4.0;
				TARGETED_DEVICE_FAMILY = "1,2";
			};
			name = Release;
		};
/* End XCBuildConfiguration section */

/* Begin XCConfigurationList section */
		199CBF7C20E1183D00A7750C /* Build configuration list for PBXProject "Todeey" */ = {
			isa = XCConfigurationList;
			buildConfigurations = (
				199CBF9120E1183D00A7750C /* Debug */,
				199CBF9220E1183D00A7750C /* Release */,
			);
			defaultConfigurationIsVisible = 0;
			defaultConfigurationName = Release;
		};
		199CBF9320E1183D00A7750C /* Build configuration list for PBXNativeTarget "Todeey" */ = {
			isa = XCConfigurationList;
			buildConfigurations = (
				199CBF9420E1183D00A7750C /* Debug */,
				199CBF9520E1183D00A7750C /* Release */,
			);
			defaultConfigurationIsVisible = 0;
			defaultConfigurationName = Release;
		};
/* End XCConfigurationList section */
	};
	rootObject = 199CBF7920E1183D00A7750C /* Project object */;
}
